
Microsoft Visual Studio Solution File, Format Version 12.00
# Visual Studio Version 16
VisualStudioVersion = 16.0.30717.126
MinimumVisualStudioVersion = 10.0.40219.1
Project("{FAE04EC0-301F-11D3-BF4B-00C04F79EFBC}") = "MuseumsManager", "MuseumsManager\MuseumsManager.csproj", "{95BFAE72-CD0D-488D-83C7-89D0E8E3B4F5}"
EndProject
Project("{FAE04EC0-301F-11D3-BF4B-00C04F79EFBC}") = "Entities", "Entities\Entities.csproj", "{8BD4BA2F-3364-4764-8753-512EA5B4E5E9}"
EndProject
Project("{FAE04EC0-301F-11D3-BF4B-00C04F79EFBC}") = "Inserts", "Inserts\Inserts.csproj", "{B2238671-A83D-4D92-AE11-D61ABDA3712B}"
EndProject
Global
	GlobalSection(SolutionConfigurationPlatforms) = preSolution
		Debug|Any CPU = Debug|Any CPU
		Release|Any CPU = Release|Any CPU
	EndGlobalSection
	GlobalSection(ProjectConfigurationPlatforms) = postSolution
		{95BFAE72-CD0D-488D-83C7-89D0E8E3B4F5}.Debug|Any CPU.ActiveCfg = Debug|Any CPU
		{95BFAE72-CD0D-488D-83C7-89D0E8E3B4F5}.Debug|Any CPU.Build.0 = Debug|Any CPU
		{95BFAE72-CD0D-488D-83C7-89D0E8E3B4F5}.Release|Any CPU.ActiveCfg = Release|Any CPU
		{95BFAE72-CD0D-488D-83C7-89D0E8E3B4F5}.Release|Any CPU.Build.0 = Release|Any CPU
		{8BD4BA2F-3364-4764-8753-512EA5B4E5E9}.Debug|Any CPU.ActiveCfg = Debug|Any CPU
		{8BD4BA2F-3364-4764-8753-512EA5B4E5E9}.Debug|Any CPU.Build.0 = Debug|Any CPU
		{8BD4BA2F-3364-4764-8753-512EA5B4E5E9}.Release|Any CPU.ActiveCfg = Release|Any CPU
		{8BD4BA2F-3364-4764-8753-512EA5B4E5E9}.Release|Any CPU.Build.0 = Release|Any CPU
		{B2238671-A83D-4D92-AE11-D61ABDA3712B}.Debug|Any CPU.ActiveCfg = Debug|Any CPU
		{B2238671-A83D-4D92-AE11-D61ABDA3712B}.Debug|Any CPU.Build.0 = Debug|Any CPU
		{B2238671-A83D-4D92-AE11-D61ABDA3712B}.Release|Any CPU.ActiveCfg = Release|Any CPU
		{B2238671-A83D-4D92-AE11-D61ABDA3712B}.Release|Any CPU.Build.0 = Release|Any CPU
	EndGlobalSection
	GlobalSection(SolutionProperties) = preSolution
		HideSolutionNode = FALSE
	EndGlobalSection
	GlobalSection(ExtensibilityGlobals) = postSolution
		SolutionGuid = {2819D84A-C082-4C19-9690-4807646C8D7A}
	EndGlobalSection
EndGlobal
